<?xml version="1.0" encoding="utf-8"?>
<Project ToolsVersion="4.0" xmlns="http://schemas.microsoft.com/developer/msbuild/2003">
  <ItemGroup>
    <Filter Include="trade">
      <UniqueIdentifier>{86c0af7a-da04-42fe-b036-3fe7978d563d}</UniqueIdentifier>
    </Filter>
    <Filter Include="quote">
      <UniqueIdentifier>{2717bcc5-8e1a-448d-a45d-72846aad6de0}</UniqueIdentifier>
    </Filter>
    <Filter Include="sql">
      <UniqueIdentifier>{75aa0c7a-16f1-4a68-a867-3fb0e37887e4}</UniqueIdentifier>
    </Filter>
  </ItemGroup>
  <ItemGroup>
    <Text Include="ReadMe.txt" />
  </ItemGroup>
  <ItemGroup>
    <ClCompile Include="trade\trade.cpp">
      <Filter>trade</Filter>
    </ClCompile>
    <ClCompile Include="trade\csv_format.cpp">
      <Filter>trade</Filter>
    </ClCompile>
    <ClCompile Include="quote\quote.cpp">
      <Filter>quote</Filter>
    </ClCompile>
    <ClCompile Include="archtool.cpp" />
  </ItemGroup>
  <ItemGroup>
    <ClInclude Include="trade\trade.hpp">
      <Filter>trade</Filter>
    </ClInclude>
    <ClInclude Include="trade\format.hpp">
      <Filter>trade</Filter>
    </ClInclude>
    <ClInclude Include="trade\csv_format.hpp">
      <Filter>trade</Filter>
    </ClInclude>
    <ClInclude Include="quote\quote.hpp">
      <Filter>quote</Filter>
    </ClInclude>
  </ItemGroup>
</Project>