<?xml version="1.0" encoding="utf-8"?>
<Project ToolsVersion="4.0" xmlns="http://schemas.microsoft.com/developer/msbuild/2003">
  <ItemGroup>
    <Filter Include="Source Files">
      <UniqueIdentifier>{4FC737F1-C7A5-4376-A066-2A32D752A2FF}</UniqueIdentifier>
      <Extensions>cpp;c;cc;cxx;def;odl;idl;hpj;bat;asm;asmx</Extensions>
    </Filter>
    <Filter Include="Header Files">
      <UniqueIdentifier>{93995380-89BD-4b04-88EB-625FBE52EBFB}</UniqueIdentifier>
      <Extensions>h;hh;hpp;hxx;hm;inl;inc;xsd</Extensions>
    </Filter>
    <Filter Include="Resource Files">
      <UniqueIdentifier>{67DA6AB6-F800-4c08-8B7A-83BB121AAD01}</UniqueIdentifier>
      <Extensions>rc;ico;cur;bmp;dlg;rc2;rct;bin;rgs;gif;jpg;jpeg;jpe;resx;tiff;tif;png;wav;mfcribbon-ms</Extensions>
    </Filter>
    <Filter Include="trade">
      <UniqueIdentifier>{86c0af7a-da04-42fe-b036-3fe7978d563d}</UniqueIdentifier>
    </Filter>
    <Filter Include="quote">
      <UniqueIdentifier>{2717bcc5-8e1a-448d-a45d-72846aad6de0}</UniqueIdentifier>
    </Filter>
    <Filter Include="sql">
      <UniqueIdentifier>{75aa0c7a-16f1-4a68-a867-3fb0e37887e4}</UniqueIdentifier>
    </Filter>
  </ItemGroup>
  <ItemGroup>
    <Text Include="ReadMe.txt" />
  </ItemGroup>
  <ItemGroup>
    <ClCompile Include="archtool.cpp">
      <Filter>Source Files</Filter>
    </ClCompile>
    <ClCompile Include="trade\trade.cpp">
      <Filter>trade</Filter>
    </ClCompile>
    <ClCompile Include="trade\csv_format.cpp">
      <Filter>trade</Filter>
    </ClCompile>
  </ItemGroup>
  <ItemGroup>
    <ClInclude Include="trade\trade.hpp">
      <Filter>trade</Filter>
    </ClInclude>
    <ClInclude Include="trade\format.hpp">
      <Filter>trade</Filter>
    </ClInclude>
    <ClInclude Include="trade\csv_format.hpp">
      <Filter>trade</Filter>
    </ClInclude>
  </ItemGroup>
</Project>