<?xml version="1.0" encoding="utf-8"?>
<Project ToolsVersion="4.0" xmlns="http://schemas.microsoft.com/developer/msbuild/2003">
  <ItemGroup>
    <Text Include="ReadMe.txt" />
  </ItemGroup>
  <ItemGroup>
    <Filter Include="numbers">
      <UniqueIdentifier>{42f09746-2f22-47db-b22e-28fb43c28321}</UniqueIdentifier>
    </Filter>
    <Filter Include="message">
      <UniqueIdentifier>{9fe1e4c5-9787-4c19-b713-c3b4a98f2f73}</UniqueIdentifier>
    </Filter>
    <Filter Include="message\event">
      <UniqueIdentifier>{67c954ba-27b1-4727-b4cc-10444ed9b7f2}</UniqueIdentifier>
    </Filter>
    <Filter Include="message\general">
      <UniqueIdentifier>{f495a1f2-2411-4930-ae83-1f2be43392bd}</UniqueIdentifier>
    </Filter>
    <Filter Include="thread">
      <UniqueIdentifier>{e99be94f-20cc-46f5-980a-69eb803984ed}</UniqueIdentifier>
    </Filter>
    <Filter Include="container">
      <UniqueIdentifier>{4fdabf87-f476-40f4-bb6d-a8ddc8f7b51f}</UniqueIdentifier>
    </Filter>
    <Filter Include="storage">
      <UniqueIdentifier>{419fe7e3-23d5-4186-9e28-f37e23f1138a}</UniqueIdentifier>
    </Filter>
    <Filter Include="message\scenario">
      <UniqueIdentifier>{da2766f0-c334-4714-8ecc-3206ac974a00}</UniqueIdentifier>
    </Filter>
    <Filter Include="scenario">
      <UniqueIdentifier>{92082b8f-2979-4c0c-81b4-d6e465eb78cf}</UniqueIdentifier>
    </Filter>
    <Filter Include="message\trade">
      <UniqueIdentifier>{374444fd-f386-4e8d-9751-6e6a97eb772a}</UniqueIdentifier>
    </Filter>
  </ItemGroup>
  <ItemGroup>
    <ClCompile Include="numbers\bcd.cpp">
      <Filter>numbers</Filter>
    </ClCompile>
    <ClCompile Include="numbers\integer.cpp">
      <Filter>numbers</Filter>
    </ClCompile>
    <ClCompile Include="message\alloc.cpp">
      <Filter>message</Filter>
    </ClCompile>
    <ClCompile Include="message\base.cpp">
      <Filter>message</Filter>
    </ClCompile>
    <ClCompile Include="thread\run.cpp">
      <Filter>thread</Filter>
    </ClCompile>
    <ClCompile Include="thread\sink.cpp">
      <Filter>thread</Filter>
    </ClCompile>
    <ClCompile Include="message\ptr.cpp">
      <Filter>message</Filter>
    </ClCompile>
    <ClCompile Include="scenario\scenario.cpp">
      <Filter>scenario</Filter>
    </ClCompile>
    <ClCompile Include="session\session.cpp" />
  </ItemGroup>
  <ItemGroup>
    <ClInclude Include="numbers\bcd.hpp">
      <Filter>numbers</Filter>
    </ClInclude>
    <ClInclude Include="numbers\float.hpp">
      <Filter>numbers</Filter>
    </ClInclude>
    <ClInclude Include="numbers\integer.hpp">
      <Filter>numbers</Filter>
    </ClInclude>
    <ClInclude Include="numbers\string.hpp">
      <Filter>numbers</Filter>
    </ClInclude>
    <ClInclude Include="message\event\flush.hpp">
      <Filter>message\event</Filter>
    </ClInclude>
    <ClInclude Include="message\event\stop.hpp">
      <Filter>message\event</Filter>
    </ClInclude>
    <ClInclude Include="message\alloc.hpp">
      <Filter>message</Filter>
    </ClInclude>
    <ClInclude Include="message\base.hpp">
      <Filter>message</Filter>
    </ClInclude>
    <ClInclude Include="message\codes.hpp">
      <Filter>message</Filter>
    </ClInclude>
    <ClInclude Include="message\general\exec.hpp">
      <Filter>message\general</Filter>
    </ClInclude>
    <ClInclude Include="message\general\unhandled.hpp">
      <Filter>message\general</Filter>
    </ClInclude>
    <ClInclude Include="defines.hpp" />
    <ClInclude Include="thread\sink.hpp">
      <Filter>thread</Filter>
    </ClInclude>
    <ClInclude Include="thread\run.hpp">
      <Filter>thread</Filter>
    </ClInclude>
    <ClInclude Include="message\ptr.hpp">
      <Filter>message</Filter>
    </ClInclude>
    <ClInclude Include="message\message.hpp">
      <Filter>message</Filter>
    </ClInclude>
    <ClInclude Include="container\container.hpp">
      <Filter>container</Filter>
    </ClInclude>
    <ClInclude Include="storage\unhandled.hpp">
      <Filter>storage</Filter>
    </ClInclude>
    <ClInclude Include="storage\scenario_entry.hpp">
      <Filter>storage</Filter>
    </ClInclude>
    <ClInclude Include="message\scenario\entry.hpp">
      <Filter>message\scenario</Filter>
    </ClInclude>
    <ClInclude Include="scenario\scenario.hpp">
      <Filter>scenario</Filter>
    </ClInclude>
    <ClInclude Include="container\array_view.hpp">
      <Filter>container</Filter>
    </ClInclude>
    <ClInclude Include="..\message\event\start.hpp" />
    <ClInclude Include="..\message\storage\event.hpp" />
    <ClInclude Include="session\session.hpp" />
    <ClInclude Include="storage\trade.hpp">
      <Filter>storage</Filter>
    </ClInclude>
    <ClInclude Include="storage\quote.hpp">
      <Filter>storage</Filter>
    </ClInclude>
    <ClInclude Include="message\trade\trade.hpp">
      <Filter>message\trade</Filter>
    </ClInclude>
    <ClInclude Include="message\trade\quote.hpp">
      <Filter>message\trade</Filter>
    </ClInclude>
    <ClInclude Include="container\small_vector.hpp">
      <Filter>container</Filter>
    </ClInclude>
    <ClInclude Include="container\quotes.hpp">
      <Filter>message\trade</Filter>
    </ClInclude>
    <ClInclude Include="message\trade\quotes.hpp">
      <Filter>message\trade</Filter>
    </ClInclude>
    <ClInclude Include="storage\serialize.hpp">
      <Filter>storage</Filter>
    </ClInclude>
  </ItemGroup>
</Project>